{
  "name": "developer-wiki",
  "version": "1.0.0",
  "lockfileVersion": 2,
  "requires": true,
  "packages": {
    "": {
      "name": "developer-wiki",
      "version": "1.0.0",
      "dependencies": {
        "quilt-bulma": "^0.0.12"
      }
    },
    "node_modules/quilt-bulma": {
      "version": "0.0.12",
      "resolved": "https://registry.npmjs.org/quilt-bulma/-/quilt-bulma-0.0.12.tgz",
      "integrity": "sha512-Pj92qwKO+Tfp5uys48YeqvKuqtioFpCyd0E9QKaK9/P0Z8w3+DPN8R1+nZH1ww6hbp9K0jziwTEieKMESFRIzw=="
    }
  },
  "dependencies": {
    "quilt-bulma": {
      "version": "0.0.12",
      "resolved": "https://registry.npmjs.org/quilt-bulma/-/quilt-bulma-0.0.12.tgz",
      "integrity": "sha512-Pj92qwKO+Tfp5uys48YeqvKuqtioFpCyd0E9QKaK9/P0Z8w3+DPN8R1+nZH1ww6hbp9K0jziwTEieKMESFRIzw=="
    }
  }
}
