{
  "name": "developer-wiki",
  "version": "1.0.0",
  "lockfileVersion": 2,
  "requires": true,
  "packages": {
    "": {
      "name": "developer-wiki",
      "version": "1.0.0",
      "dependencies": {
        "quilt-bulma": "^0.0.4"
      }
    },
    "node_modules/quilt-bulma": {
      "version": "0.0.4",
      "resolved": "https://registry.npmjs.org/quilt-bulma/-/quilt-bulma-0.0.4.tgz",
      "integrity": "sha512-AltxA0vFe+AF2VRUvHaPw9sJv2p5CNtjtG7bPI+pBrb2NHYu8bDCM1pv3+LNNcMPyqQFbwNOoseiKGysShRU2g=="
    }
  },
  "dependencies": {
    "quilt-bulma": {
      "version": "0.0.4",
      "resolved": "https://registry.npmjs.org/quilt-bulma/-/quilt-bulma-0.0.4.tgz",
      "integrity": "sha512-AltxA0vFe+AF2VRUvHaPw9sJv2p5CNtjtG7bPI+pBrb2NHYu8bDCM1pv3+LNNcMPyqQFbwNOoseiKGysShRU2g=="
    }
  }
}
